
Microsoft Visual Studio Solution File, Format Version 12.00
# Visual Studio Version 16
VisualStudioVersion = 16.0.32228.343
MinimumVisualStudioVersion = 10.0.40219.1
Project("{FAE04EC0-301F-11D3-BF4B-00C04F79EFBC}") = "MyMuseProject", "MyMuseProject.csproj", "{65FDD46E-2142-4F7F-B6B0-CDF6EA2938A3}"
EndProject
Global
	GlobalSection(SolutionConfigurationPlatforms) = preSolution
		Debug|Any CPU = Debug|Any CPU
		Release|Any CPU = Release|Any CPU
	EndGlobalSection
	GlobalSection(ProjectConfigurationPlatforms) = postSolution
		{65FDD46E-2142-4F7F-B6B0-CDF6EA2938A3}.Debug|Any CPU.ActiveCfg = Debug|Any CPU
		{65FDD46E-2142-4F7F-B6B0-CDF6EA2938A3}.Debug|Any CPU.Build.0 = Debug|Any CPU
		{65FDD46E-2142-4F7F-B6B0-CDF6EA2938A3}.Release|Any CPU.ActiveCfg = Release|Any CPU
		{65FDD46E-2142-4F7F-B6B0-CDF6EA2938A3}.Release|Any CPU.Build.0 = Release|Any CPU
	EndGlobalSection
	GlobalSection(SolutionProperties) = preSolution
		HideSolutionNode = FALSE
	EndGlobalSection
	GlobalSection(ExtensibilityGlobals) = postSolution
		SolutionGuid = {8FC951F5-CF76-4262-9CFE-AD26C79A2AAE}
	EndGlobalSection
EndGlobal
